
Microsoft Visual Studio Solution File, Format Version 12.00
# Visual Studio Version 17
VisualStudioVersion = 17.4.33110.190
MinimumVisualStudioVersion = 10.0.40219.1
Project("{9A19103F-16F7-4668-BE54-9A1E7A4F7556}") = "UngDung", "UngDung\UngDung.csproj", "{D94CA58B-4D43-4458-97E6-AE5AD243B0DE}"
EndProject
Project("{54435603-DBB4-11D2-8724-00A0C9A8B90C}") = "Setup1", "Setup1\Setup1.vdproj", "{A96C8C38-F623-4CE3-824E-9A95A6C52C8C}"
EndProject
Global
	GlobalSection(SolutionConfigurationPlatforms) = preSolution
		Debug|Any CPU = Debug|Any CPU
		Release|Any CPU = Release|Any CPU
	EndGlobalSection
	GlobalSection(ProjectConfigurationPlatforms) = postSolution
		{D94CA58B-4D43-4458-97E6-AE5AD243B0DE}.Debug|Any CPU.ActiveCfg = Debug|Any CPU
		{D94CA58B-4D43-4458-97E6-AE5AD243B0DE}.Debug|Any CPU.Build.0 = Debug|Any CPU
		{D94CA58B-4D43-4458-97E6-AE5AD243B0DE}.Release|Any CPU.ActiveCfg = Release|Any CPU
		{D94CA58B-4D43-4458-97E6-AE5AD243B0DE}.Release|Any CPU.Build.0 = Release|Any CPU
		{A96C8C38-F623-4CE3-824E-9A95A6C52C8C}.Debug|Any CPU.ActiveCfg = Debug
		{A96C8C38-F623-4CE3-824E-9A95A6C52C8C}.Release|Any CPU.ActiveCfg = Release
	EndGlobalSection
	GlobalSection(SolutionProperties) = preSolution
		HideSolutionNode = FALSE
	EndGlobalSection
	GlobalSection(ExtensibilityGlobals) = postSolution
		SolutionGuid = {DFB411EC-2206-4A5C-B016-C08906726F73}
	EndGlobalSection
EndGlobal
